{
  "object": {
    "pins": [
      {
        "package": "swift-case-paths",
        "repositoryURL": "https://github.com/pointfreeco/swift-case-paths",
        "state": {
          "branch": null,
          "revision": "bb436421f57269fbcfe7360735985321585a86e5",
          "version": "0.10.1"
        }
      },
      {
        "package": "SwiftDocCPlugin",
        "repositoryURL": "https://github.com/apple/swift-docc-plugin",
        "state": {
          "branch": null,
          "revision": "3303b164430d9a7055ba484c8ead67a52f7b74f6",
          "version": "1.0.0"
        }
      },
      {
        "package": "swift-parsing",
        "repositoryURL": "https://github.com/pointfreeco/swift-parsing",
        "state": {
          "branch": null,
          "revision": "4bb9192468c1a8be57f46b7d6fd4f561c88b2195",
          "version": "0.11.0"
        }
      }
    ]
  },
  "version": 1
}
