{
  "object": {
    "pins": [
      {
        "package": "swift-case-paths",
        "repositoryURL": "https://github.com/pointfreeco/swift-case-paths",
        "state": {
          "branch": null,
          "revision": "a09839348486db8866f85a727b8550be1d671c50",
          "version": "0.9.1"
        }
      },
      {
        "package": "SwiftDocCPlugin",
        "repositoryURL": "https://github.com/apple/swift-docc-plugin",
        "state": {
          "branch": null,
          "revision": "3303b164430d9a7055ba484c8ead67a52f7b74f6",
          "version": "1.0.0"
        }
      },
      {
        "package": "swift-parsing",
        "repositoryURL": "https://github.com/pointfreeco/swift-parsing",
        "state": {
          "branch": null,
          "revision": "bc92e84968990b41640214b636667f35b6e5d44c",
          "version": "0.10.0"
        }
      },
      {
        "package": "xctest-dynamic-overlay",
        "repositoryURL": "https://github.com/pointfreeco/xctest-dynamic-overlay",
        "state": {
          "branch": null,
          "revision": "ef8e14e7ce1c0c304c644c6ba365d06c468ded6b",
          "version": "0.3.3"
        }
      }
    ]
  },
  "version": 1
}
